// !$*UTF8*$!
{
	archiveVersion = 1;
	classes = {
	};
	objectVersion = 46;
	objects = {

/* Begin PBXBuildFile section */
		8D5FF0E61A9254F500A10868 /* AppDelegate.swift in Sources */ = {isa = PBXBuildFile; fileRef = 8D5FF0E51A9254F500A10868 /* AppDelegate.swift */; };
		8D5FF0E81A9254F500A10868 /* ViewController.swift in Sources */ = {isa = PBXBuildFile; fileRef = 8D5FF0E71A9254F500A10868 /* ViewController.swift */; };
		8D5FF0EB1A9254F500A10868 /* Main.storyboard in Resources */ = {isa = PBXBuildFile; fileRef = 8D5FF0E91A9254F500A10868 /* Main.storyboard */; };
		8D5FF0ED1A9254F500A10868 /* Images.xcassets in Resources */ = {isa = PBXBuildFile; fileRef = 8D5FF0EC1A9254F500A10868 /* Images.xcassets */; };
		8D5FF0F01A9254F500A10868 /* LaunchScreen.xib in Resources */ = {isa = PBXBuildFile; fileRef = 8D5FF0EE1A9254F500A10868 /* LaunchScreen.xib */; };
		8D5FF0FC1A9254F500A10868 /* Metal_ImageProcessingTests.swift in Sources */ = {isa = PBXBuildFile; fileRef = 8D5FF0FB1A9254F500A10868 /* Metal_ImageProcessingTests.swift */; };
/* End PBXBuildFile section */

/* Begin PBXContainerItemProxy section */
		8D5FF0F61A9254F500A10868 /* PBXContainerItemProxy */ = {
			isa = PBXContainerItemProxy;
			containerPortal = 8D5FF0D81A9254F500A10868 /* Project object */;
			proxyType = 1;
			remoteGlobalIDString = 8D5FF0DF1A9254F500A10868;
			remoteInfo = Metal_ImageProcessing;
		};
/* End PBXContainerItemProxy section */

/* Begin PBXFileReference section */
		8D5FF0E01A9254F500A10868 /* Metal_ImageProcessing.app */ = {isa = PBXFileReference; explicitFileType = wrapper.application; includeInIndex = 0; path = Metal_ImageProcessing.app; sourceTree = BUILT_PRODUCTS_DIR; };
		8D5FF0E41A9254F500A10868 /* Info.plist */ = {isa = PBXFileReference; lastKnownFileType = text.plist.xml; path = Info.plist; sourceTree = "<group>"; };
		8D5FF0E51A9254F500A10868 /* AppDelegate.swift */ = {isa = PBXFileReference; lastKnownFileType = sourcecode.swift; path = AppDelegate.swift; sourceTree = "<group>"; };
		8D5FF0E71A9254F500A10868 /* ViewController.swift */ = {isa = PBXFileReference; lastKnownFileType = sourcecode.swift; path = ViewController.swift; sourceTree = "<group>"; };
		8D5FF0EA1A9254F500A10868 /* Base */ = {isa = PBXFileReference; lastKnownFileType = file.storyboard; name = Base; path = Base.lproj/Main.storyboard; sourceTree = "<group>"; };
		8D5FF0EC1A9254F500A10868 /* Images.xcassets */ = {isa = PBXFileReference; lastKnownFileType = folder.assetcatalog; path = Images.xcassets; sourceTree = "<group>"; };
		8D5FF0EF1A9254F500A10868 /* Base */ = {isa = PBXFileReference; lastKnownFileType = file.xib; name = Base; path = Base.lproj/LaunchScreen.xib; sourceTree = "<group>"; };
		8D5FF0F51A9254F500A10868 /* Metal_ImageProcessingTests.xctest */ = {isa = PBXFileReference; explicitFileType = wrapper.cfbundle; includeInIndex = 0; path = Metal_ImageProcessingTests.xctest; sourceTree = BUILT_PRODUCTS_DIR; };
		8D5FF0FA1A9254F500A10868 /* Info.plist */ = {isa = PBXFileReference; lastKnownFileType = text.plist.xml; path = Info.plist; sourceTree = "<group>"; };
		8D5FF0FB1A9254F500A10868 /* Metal_ImageProcessingTests.swift */ = {isa = PBXFileReference; lastKnownFileType = sourcecode.swift; path = Metal_ImageProcessingTests.swift; sourceTree = "<group>"; };
/* End PBXFileReference section */

/* Begin PBXFrameworksBuildPhase section */
		8D5FF0DD1A9254F500A10868 /* Frameworks */ = {
			isa = PBXFrameworksBuildPhase;
			buildActionMask = 2147483647;
			files = (
			);
			runOnlyForDeploymentPostprocessing = 0;
		};
		8D5FF0F21A9254F500A10868 /* Frameworks */ = {
			isa = PBXFrameworksBuildPhase;
			buildActionMask = 2147483647;
			files = (
			);
			runOnlyForDeploymentPostprocessing = 0;
		};
/* End PBXFrameworksBuildPhase section */

/* Begin PBXGroup section */
		8D5FF0D71A9254F500A10868 = {
			isa = PBXGroup;
			children = (
				8D5FF0E21A9254F500A10868 /* Metal_ImageProcessing */,
				8D5FF0F81A9254F500A10868 /* Metal_ImageProcessingTests */,
				8D5FF0E11A9254F500A10868 /* Products */,
			);
			sourceTree = "<group>";
		};
		8D5FF0E11A9254F500A10868 /* Products */ = {
			isa = PBXGroup;
			children = (
				8D5FF0E01A9254F500A10868 /* Metal_ImageProcessing.app */,
				8D5FF0F51A9254F500A10868 /* Metal_ImageProcessingTests.xctest */,
			);
			name = Products;
			sourceTree = "<group>";
		};
		8D5FF0E21A9254F500A10868 /* Metal_ImageProcessing */ = {
			isa = PBXGroup;
			children = (
				8D5FF0E51A9254F500A10868 /* AppDelegate.swift */,
				8D5FF0E71A9254F500A10868 /* ViewController.swift */,
				8D5FF0E91A9254F500A10868 /* Main.storyboard */,
				8D5FF0EC1A9254F500A10868 /* Images.xcassets */,
				8D5FF0EE1A9254F500A10868 /* LaunchScreen.xib */,
				8D5FF0E31A9254F500A10868 /* Supporting Files */,
			);
			path = Metal_ImageProcessing;
			sourceTree = "<group>";
		};
		8D5FF0E31A9254F500A10868 /* Supporting Files */ = {
			isa = PBXGroup;
			children = (
				8D5FF0E41A9254F500A10868 /* Info.plist */,
			);
			name = "Supporting Files";
			sourceTree = "<group>";
		};
		8D5FF0F81A9254F500A10868 /* Metal_ImageProcessingTests */ = {
			isa = PBXGroup;
			children = (
				8D5FF0FB1A9254F500A10868 /* Metal_ImageProcessingTests.swift */,
				8D5FF0F91A9254F500A10868 /* Supporting Files */,
			);
			path = Metal_ImageProcessingTests;
			sourceTree = "<group>";
		};
		8D5FF0F91A9254F500A10868 /* Supporting Files */ = {
			isa = PBXGroup;
			children = (
				8D5FF0FA1A9254F500A10868 /* Info.plist */,
			);
			name = "Supporting Files";
			sourceTree = "<group>";
		};
/* End PBXGroup section */

/* Begin PBXNativeTarget section */
		8D5FF0DF1A9254F500A10868 /* Metal_ImageProcessing */ = {
			isa = PBXNativeTarget;
			buildConfigurationList = 8D5FF0FF1A9254F500A10868 /* Build configuration list for PBXNativeTarget "Metal_ImageProcessing" */;
			buildPhases = (
				8D5FF0DC1A9254F500A10868 /* Sources */,
				8D5FF0DD1A9254F500A10868 /* Frameworks */,
				8D5FF0DE1A9254F500A10868 /* Resources */,
			);
			buildRules = (
			);
			dependencies = (
			);
			name = Metal_ImageProcessing;
			productName = Metal_ImageProcessing;
			productReference = 8D5FF0E01A9254F500A10868 /* Metal_ImageProcessing.app */;
			productType = "com.apple.product-type.application";
		};
		8D5FF0F41A9254F500A10868 /* Metal_ImageProcessingTests */ = {
			isa = PBXNativeTarget;
			buildConfigurationList = 8D5FF1021A9254F500A10868 /* Build configuration list for PBXNativeTarget "Metal_ImageProcessingTests" */;
			buildPhases = (
				8D5FF0F11A9254F500A10868 /* Sources */,
				8D5FF0F21A9254F500A10868 /* Frameworks */,
				8D5FF0F31A9254F500A10868 /* Resources */,
			);
			buildRules = (
			);
			dependencies = (
				8D5FF0F71A9254F500A10868 /* PBXTargetDependency */,
			);
			name = Metal_ImageProcessingTests;
			productName = Metal_ImageProcessingTests;
			productReference = 8D5FF0F51A9254F500A10868 /* Metal_ImageProcessingTests.xctest */;
			productType = "com.apple.product-type.bundle.unit-test";
		};
/* End PBXNativeTarget section */

/* Begin PBXProject section */
		8D5FF0D81A9254F500A10868 /* Project object */ = {
			isa = PBXProject;
			attributes = {
				LastUpgradeCheck = 0610;
				ORGANIZATIONNAME = "Nordic Software, Inc.";
				TargetAttributes = {
					8D5FF0DF1A9254F500A10868 = {
						CreatedOnToolsVersion = 6.1.1;
					};
					8D5FF0F41A9254F500A10868 = {
						CreatedOnToolsVersion = 6.1.1;
						TestTargetID = 8D5FF0DF1A9254F500A10868;
					};
				};
			};
			buildConfigurationList = 8D5FF0DB1A9254F500A10868 /* Build configuration list for PBXProject "Metal_ImageProcessing" */;
			compatibilityVersion = "Xcode 3.2";
			developmentRegion = English;
			hasScannedForEncodings = 0;
			knownRegions = (
				en,
				Base,
			);
			mainGroup = 8D5FF0D71A9254F500A10868;
			productRefGroup = 8D5FF0E11A9254F500A10868 /* Products */;
			projectDirPath = "";
			projectRoot = "";
			targets = (
				8D5FF0DF1A9254F500A10868 /* Metal_ImageProcessing */,
				8D5FF0F41A9254F500A10868 /* Metal_ImageProcessingTests */,
			);
		};
/* End PBXProject section */

/* Begin PBXResourcesBuildPhase section */
		8D5FF0DE1A9254F500A10868 /* Resources */ = {
			isa = PBXResourcesBuildPhase;
			buildActionMask = 2147483647;
			files = (
				8D5FF0EB1A9254F500A10868 /* Main.storyboard in Resources */,
				8D5FF0F01A9254F500A10868 /* LaunchScreen.xib in Resources */,
				8D5FF0ED1A9254F500A10868 /* Images.xcassets in Resources */,
			);
			runOnlyForDeploymentPostprocessing = 0;
		};
		8D5FF0F31A9254F500A10868 /* Resources */ = {
			isa = PBXResourcesBuildPhase;
			buildActionMask = 2147483647;
			files = (
			);
			runOnlyForDeploymentPostprocessing = 0;
		};
/* End PBXResourcesBuildPhase section */

/* Begin PBXSourcesBuildPhase section */
		8D5FF0DC1A9254F500A10868 /* Sources */ = {
			isa = PBXSourcesBuildPhase;
			buildActionMask = 2147483647;
			files = (
				8D5FF0E81A9254F500A10868 /* ViewController.swift in Sources */,
				8D5FF0E61A9254F500A10868 /* AppDelegate.swift in Sources */,
			);
			runOnlyForDeploymentPostprocessing = 0;
		};
		8D5FF0F11A9254F500A10868 /* Sources */ = {
			isa = PBXSourcesBuildPhase;
			buildActionMask = 2147483647;
			files = (
				8D5FF0FC1A9254F500A10868 /* Metal_ImageProcessingTests.swift in Sources */,
			);
			runOnlyForDeploymentPostprocessing = 0;
		};
/* End PBXSourcesBuildPhase section */

/* Begin PBXTargetDependency section */
		8D5FF0F71A9254F500A10868 /* PBXTargetDependency */ = {
			isa = PBXTargetDependency;
			target = 8D5FF0DF1A9254F500A10868 /* Metal_ImageProcessing */;
			targetProxy = 8D5FF0F61A9254F500A10868 /* PBXContainerItemProxy */;
		};
/* End PBXTargetDependency section */

/* Begin PBXVariantGroup section */
		8D5FF0E91A9254F500A10868 /* Main.storyboard */ = {
			isa = PBXVariantGroup;
			children = (
				8D5FF0EA1A9254F500A10868 /* Base */,
			);
			name = Main.storyboard;
			sourceTree = "<group>";
		};
		8D5FF0EE1A9254F500A10868 /* LaunchScreen.xib */ = {
			isa = PBXVariantGroup;
			children = (
				8D5FF0EF1A9254F500A10868 /* Base */,
			);
			name = LaunchScreen.xib;
			sourceTree = "<group>";
		};
/* End PBXVariantGroup section */

/* Begin XCBuildConfiguration section */
		8D5FF0FD1A9254F500A10868 /* Debug */ = {
			isa = XCBuildConfiguration;
			buildSettings = {
				ALWAYS_SEARCH_USER_PATHS = NO;
				CLANG_CXX_LANGUAGE_STANDARD = "gnu++0x";
				CLANG_CXX_LIBRARY = "libc++";
				CLANG_ENABLE_MODULES = YES;
				CLANG_ENABLE_OBJC_ARC = YES;
				CLANG_WARN_BOOL_CONVERSION = YES;
				CLANG_WARN_CONSTANT_CONVERSION = YES;
				CLANG_WARN_DIRECT_OBJC_ISA_USAGE = YES_ERROR;
				CLANG_WARN_EMPTY_BODY = YES;
				CLANG_WARN_ENUM_CONVERSION = YES;
				CLANG_WARN_INT_CONVERSION = YES;
				CLANG_WARN_OBJC_ROOT_CLASS = YES_ERROR;
				CLANG_WARN_UNREACHABLE_CODE = YES;
				CLANG_WARN__DUPLICATE_METHOD_MATCH = YES;
				"CODE_SIGN_IDENTITY[sdk=iphoneos*]" = "iPhone Developer";
				COPY_PHASE_STRIP = NO;
				ENABLE_STRICT_OBJC_MSGSEND = YES;
				GCC_C_LANGUAGE_STANDARD = gnu99;
				GCC_DYNAMIC_NO_PIC = NO;
				GCC_OPTIMIZATION_LEVEL = 0;
				GCC_PREPROCESSOR_DEFINITIONS = (
					"DEBUG=1",
					"$(inherited)",
				);
				GCC_SYMBOLS_PRIVATE_EXTERN = NO;
				GCC_WARN_64_TO_32_BIT_CONVERSION = YES;
				GCC_WARN_ABOUT_RETURN_TYPE = YES_ERROR;
				GCC_WARN_UNDECLARED_SELECTOR = YES;
				GCC_WARN_UNINITIALIZED_AUTOS = YES_AGGRESSIVE;
				GCC_WARN_UNUSED_FUNCTION = YES;
				GCC_WARN_UNUSED_VARIABLE = YES;
				IPHONEOS_DEPLOYMENT_TARGET = 8.1;
				MTL_ENABLE_DEBUG_INFO = YES;
				ONLY_ACTIVE_ARCH = YES;
				SDKROOT = iphoneos;
				SWIFT_OPTIMIZATION_LEVEL = "-Onone";
				TARGETED_DEVICE_FAMILY = "1,2";
			};
			name = Debug;
		};
		8D5FF0FE1A9254F500A10868 /* Release */ = {
			isa = XCBuildConfiguration;
			buildSettings = {
				ALWAYS_SEARCH_USER_PATHS = NO;
				CLANG_CXX_LANGUAGE_STANDARD = "gnu++0x";
				CLANG_CXX_LIBRARY = "libc++";
				CLANG_ENABLE_MODULES = YES;
				CLANG_ENABLE_OBJC_ARC = YES;
				CLANG_WARN_BOOL_CONVERSION = YES;
				CLANG_WARN_CONSTANT_CONVERSION = YES;
				CLANG_WARN_DIRECT_OBJC_ISA_USAGE = YES_ERROR;
				CLANG_WARN_EMPTY_BODY = YES;
				CLANG_WARN_ENUM_CONVERSION = YES;
				CLANG_WARN_INT_CONVERSION = YES;
				CLANG_WARN_OBJC_ROOT_CLASS = YES_ERROR;
				CLANG_WARN_UNREACHABLE_CODE = YES;
				CLANG_WARN__DUPLICATE_METHOD_MATCH = YES;
				"CODE_SIGN_IDENTITY[sdk=iphoneos*]" = "iPhone Developer";
				COPY_PHASE_STRIP = YES;
				ENABLE_NS_ASSERTIONS = NO;
				ENABLE_STRICT_OBJC_MSGSEND = YES;
				GCC_C_LANGUAGE_STANDARD = gnu99;
				GCC_WARN_64_TO_32_BIT_CONVERSION = YES;
				GCC_WARN_ABOUT_RETURN_TYPE = YES_ERROR;
				GCC_WARN_UNDECLARED_SELECTOR = YES;
				GCC_WARN_UNINITIALIZED_AUTOS = YES_AGGRESSIVE;
				GCC_WARN_UNUSED_FUNCTION = YES;
				GCC_WARN_UNUSED_VARIABLE = YES;
				IPHONEOS_DEPLOYMENT_TARGET = 8.1;
				MTL_ENABLE_DEBUG_INFO = NO;
				SDKROOT = iphoneos;
				TARGETED_DEVICE_FAMILY = "1,2";
				VALIDATE_PRODUCT = YES;
			};
			name = Release;
		};
		8D5FF1001A9254F500A10868 /* Debug */ = {
			isa = XCBuildConfiguration;
			buildSettings = {
				ASSETCATALOG_COMPILER_APPICON_NAME = AppIcon;
				INFOPLIST_FILE = Metal_ImageProcessing/Info.plist;
				LD_RUNPATH_SEARCH_PATHS = "$(inherited) @executable_path/Frameworks";
				PRODUCT_NAME = "$(TARGET_NAME)";
			};
			name = Debug;
		};
		8D5FF1011A9254F500A10868 /* Release */ = {
			isa = XCBuildConfiguration;
			buildSettings = {
				ASSETCATALOG_COMPILER_APPICON_NAME = AppIcon;
				INFOPLIST_FILE = Metal_ImageProcessing/Info.plist;
				LD_RUNPATH_SEARCH_PATHS = "$(inherited) @executable_path/Frameworks";
				PRODUCT_NAME = "$(TARGET_NAME)";
			};
			name = Release;
		};
		8D5FF1031A9254F500A10868 /* Debug */ = {
			isa = XCBuildConfiguration;
			buildSettings = {
				BUNDLE_LOADER = "$(TEST_HOST)";
				FRAMEWORK_SEARCH_PATHS = (
					"$(SDKROOT)/Developer/Library/Frameworks",
					"$(inherited)",
				);
				GCC_PREPROCESSOR_DEFINITIONS = (
					"DEBUG=1",
					"$(inherited)",
				);
				INFOPLIST_FILE = Metal_ImageProcessingTests/Info.plist;
				LD_RUNPATH_SEARCH_PATHS = "$(inherited) @executable_path/Frameworks @loader_path/Frameworks";
				PRODUCT_NAME = "$(TARGET_NAME)";
				TEST_HOST = "$(BUILT_PRODUCTS_DIR)/Metal_ImageProcessing.app/Metal_ImageProcessing";
			};
			name = Debug;
		};
		8D5FF1041A9254F500A10868 /* Release */ = {
			isa = XCBuildConfiguration;
			buildSettings = {
				BUNDLE_LOADER = "$(TEST_HOST)";
				FRAMEWORK_SEARCH_PATHS = (
					"$(SDKROOT)/Developer/Library/Frameworks",
					"$(inherited)",
				);
				INFOPLIST_FILE = Metal_ImageProcessingTests/Info.plist;
				LD_RUNPATH_SEARCH_PATHS = "$(inherited) @executable_path/Frameworks @loader_path/Frameworks";
				PRODUCT_NAME = "$(TARGET_NAME)";
				TEST_HOST = "$(BUILT_PRODUCTS_DIR)/Metal_ImageProcessing.app/Metal_ImageProcessing";
			};
			name = Release;
		};
/* End XCBuildConfiguration section */

/* Begin XCConfigurationList section */
		8D5FF0DB1A9254F500A10868 /* Build configuration list for PBXProject "Metal_ImageProcessing" */ = {
			isa = XCConfigurationList;
			buildConfigurations = (
				8D5FF0FD1A9254F500A10868 /* Debug */,
				8D5FF0FE1A9254F500A10868 /* Release */,
			);
			defaultConfigurationIsVisible = 0;
			defaultConfigurationName = Release;
		};
		8D5FF0FF1A9254F500A10868 /* Build configuration list for PBXNativeTarget "Metal_ImageProcessing" */ = {
			isa = XCConfigurationList;
			buildConfigurations = (
				8D5FF1001A9254F500A10868 /* Debug */,
				8D5FF1011A9254F500A10868 /* Release */,
			);
			defaultConfigurationIsVisible = 0;
		};
		8D5FF1021A9254F500A10868 /* Build configuration list for PBXNativeTarget "Metal_ImageProcessingTests" */ = {
			isa = XCConfigurationList;
			buildConfigurations = (
				8D5FF1031A9254F500A10868 /* Debug */,
				8D5FF1041A9254F500A10868 /* Release */,
			);
			defaultConfigurationIsVisible = 0;
		};
/* End XCConfigurationList section */
	};
	rootObject = 8D5FF0D81A9254F500A10868 /* Project object */;
}
